// !$*UTF8*$!
{
	archiveVersion = 1;
	classes = {
	};
	objectVersion = 46;
	objects = {

/* Begin PBXBuildFile section */
		2007D66416B5BE9400DE722F /* Photo.m in Sources */ = {isa = PBXBuildFile; fileRef = 2007D66316B5BE9400DE722F /* Photo.m */; };
		2007D66716B5BE9400DE722F /* Place.m in Sources */ = {isa = PBXBuildFile; fileRef = 2007D66616B5BE9400DE722F /* Place.m */; };
		2007D66A16B5BE9500DE722F /* Tag.m in Sources */ = {isa = PBXBuildFile; fileRef = 2007D66916B5BE9400DE722F /* Tag.m */; };
		207AB26C16AF127B007F10E6 /* Model.xcdatamodeld in Sources */ = {isa = PBXBuildFile; fileRef = 207AB26A16AF127B007F10E6 /* Model.xcdatamodeld */; };
		207AB27616AF186F007F10E6 /* FlickrFetcher.m in Sources */ = {isa = PBXBuildFile; fileRef = 207AB27516AF186E007F10E6 /* FlickrFetcher.m */; };
		207AB27916AF1AE6007F10E6 /* CoreDataTableViewController.m in Sources */ = {isa = PBXBuildFile; fileRef = 207AB27816AF1AE6007F10E6 /* CoreDataTableViewController.m */; };
		207E66CF16B289AD004AB4DD /* TagSearchViewController.m in Sources */ = {isa = PBXBuildFile; fileRef = 207E66CE16B289AD004AB4DD /* TagSearchViewController.m */; };
		207E66D216B28DAD004AB4DD /* FavPlacesViewController.m in Sources */ = {isa = PBXBuildFile; fileRef = 207E66D116B28DAD004AB4DD /* FavPlacesViewController.m */; };
		207E66DD16B2BA87004AB4DD /* TagPictureViewController.m in Sources */ = {isa = PBXBuildFile; fileRef = 207E66DC16B2BA87004AB4DD /* TagPictureViewController.m */; };
		2083B98F16B45621002A6643 /* HelperClass.m in Sources */ = {isa = PBXBuildFile; fileRef = 2083B98E16B45621002A6643 /* HelperClass.m */; };
		208512C816AC371B009D8219 /* MapViewController.m in Sources */ = {isa = PBXBuildFile; fileRef = 208512C716AC371B009D8219 /* MapViewController.m */; };
		208512CB16AC37A8009D8219 /* MapKit.framework in Frameworks */ = {isa = PBXBuildFile; fileRef = 208512CA16AC37A8009D8219 /* MapKit.framework */; };
		208512CD16AC37B2009D8219 /* CoreLocation.framework in Frameworks */ = {isa = PBXBuildFile; fileRef = 208512CC16AC37B2009D8219 /* CoreLocation.framework */; };
		208512D016AC3BD1009D8219 /* FlickrPhotoAnnotation.m in Sources */ = {isa = PBXBuildFile; fileRef = 208512CF16AC3BD1009D8219 /* FlickrPhotoAnnotation.m */; };
		208512D316AC5A45009D8219 /* FlickrCityAnnotation.m in Sources */ = {isa = PBXBuildFile; fileRef = 208512D216AC5A45009D8219 /* FlickrCityAnnotation.m */; };
		20AF133416B1576B001DF36A /* FavoritesViewController.m in Sources */ = {isa = PBXBuildFile; fileRef = 20AF133316B1576B001DF36A /* FavoritesViewController.m */; };
		20AF133B16B18B32001DF36A /* CoreData.framework in Frameworks */ = {isa = PBXBuildFile; fileRef = 20AF133A16B18B32001DF36A /* CoreData.framework */; };
		20AF134616B19F7E001DF36A /* QuartzCore.framework in Frameworks */ = {isa = PBXBuildFile; fileRef = 20AF134516B19F7E001DF36A /* QuartzCore.framework */; };
		20AF134916B1CB03001DF36A /* StaticTableViewController.m in Sources */ = {isa = PBXBuildFile; fileRef = 20AF134816B1CB03001DF36A /* StaticTableViewController.m */; };
		20AF134C16B1E38A001DF36A /* ItineraryViewController.m in Sources */ = {isa = PBXBuildFile; fileRef = 20AF134B16B1E38A001DF36A /* ItineraryViewController.m */; };
		20AF135416B1ECCC001DF36A /* favorites.png in Resources */ = {isa = PBXBuildFile; fileRef = 20AF135316B1ECCC001DF36A /* favorites.png */; };
		20B3658016A82C2B00EA447A /* UIKit.framework in Frameworks */ = {isa = PBXBuildFile; fileRef = 20B3657F16A82C2B00EA447A /* UIKit.framework */; };
		20B3658216A82C2B00EA447A /* Foundation.framework in Frameworks */ = {isa = PBXBuildFile; fileRef = 20B3658116A82C2B00EA447A /* Foundation.framework */; };
		20B3658416A82C2B00EA447A /* CoreGraphics.framework in Frameworks */ = {isa = PBXBuildFile; fileRef = 20B3658316A82C2B00EA447A /* CoreGraphics.framework */; };
		20B3658A16A82C2B00EA447A /* InfoPlist.strings in Resources */ = {isa = PBXBuildFile; fileRef = 20B3658816A82C2B00EA447A /* InfoPlist.strings */; };
		20B3658C16A82C2B00EA447A /* main.m in Sources */ = {isa = PBXBuildFile; fileRef = 20B3658B16A82C2B00EA447A /* main.m */; };
		20B3659016A82C2B00EA447A /* AppDelegate.m in Sources */ = {isa = PBXBuildFile; fileRef = 20B3658F16A82C2B00EA447A /* AppDelegate.m */; };
		20B3659216A82C2B00EA447A /* Default.png in Resources */ = {isa = PBXBuildFile; fileRef = 20B3659116A82C2B00EA447A /* Default.png */; };
		20B3659416A82C2B00EA447A /* Default@2x.png in Resources */ = {isa = PBXBuildFile; fileRef = 20B3659316A82C2B00EA447A /* Default@2x.png */; };
		20B3659616A82C2B00EA447A /* Default-568h@2x.png in Resources */ = {isa = PBXBuildFile; fileRef = 20B3659516A82C2B00EA447A /* Default-568h@2x.png */; };
		20B3659916A82C2B00EA447A /* iPhone.storyboard in Resources */ = {isa = PBXBuildFile; fileRef = 20B3659716A82C2B00EA447A /* iPhone.storyboard */; };
		20B365A816A82FFF00EA447A /* TopPlacesViewController.m in Sources */ = {isa = PBXBuildFile; fileRef = 20B365A716A82FFF00EA447A /* TopPlacesViewController.m */; };
		20B365AB16A83DF300EA447A /* PhotosForPlaceViewController.m in Sources */ = {isa = PBXBuildFile; fileRef = 20B365AA16A83DF300EA447A /* PhotosForPlaceViewController.m */; };
		20B365B216A853A000EA447A /* PhotoDetailViewController.m in Sources */ = {isa = PBXBuildFile; fileRef = 20B365B116A853A000EA447A /* PhotoDetailViewController.m */; };
		20B365BD16A86CC600EA447A /* LastImagesViewController.m in Sources */ = {isa = PBXBuildFile; fileRef = 20B365BC16A86CC600EA447A /* LastImagesViewController.m */; };
		20B365BF16A87A5300EA447A /* iPad.storyboard in Resources */ = {isa = PBXBuildFile; fileRef = 20B365BE16A87A5300EA447A /* iPad.storyboard */; };
		20B365D416A894D000EA447A /* photo_album.png in Resources */ = {isa = PBXBuildFile; fileRef = 20B365D216A894D000EA447A /* photo_album.png */; };
		20B365D516A894D000EA447A /* world.png in Resources */ = {isa = PBXBuildFile; fileRef = 20B365D316A894D000EA447A /* world.png */; };
/* End PBXBuildFile section */

/* Begin PBXFileReference section */
		2007D66216B5BE9400DE722F /* Photo.h */ = {isa = PBXFileReference; fileEncoding = 4; lastKnownFileType = sourcecode.c.h; path = Photo.h; sourceTree = "<group>"; };
		2007D66316B5BE9400DE722F /* Photo.m */ = {isa = PBXFileReference; fileEncoding = 4; lastKnownFileType = sourcecode.c.objc; path = Photo.m; sourceTree = "<group>"; };
		2007D66516B5BE9400DE722F /* Place.h */ = {isa = PBXFileReference; fileEncoding = 4; lastKnownFileType = sourcecode.c.h; path = Place.h; sourceTree = "<group>"; };
		2007D66616B5BE9400DE722F /* Place.m */ = {isa = PBXFileReference; fileEncoding = 4; lastKnownFileType = sourcecode.c.objc; path = Place.m; sourceTree = "<group>"; };
		2007D66816B5BE9400DE722F /* Tag.h */ = {isa = PBXFileReference; fileEncoding = 4; lastKnownFileType = sourcecode.c.h; path = Tag.h; sourceTree = "<group>"; };
		2007D66916B5BE9400DE722F /* Tag.m */ = {isa = PBXFileReference; fileEncoding = 4; lastKnownFileType = sourcecode.c.objc; path = Tag.m; sourceTree = "<group>"; };
		207AB26B16AF127B007F10E6 /* Model.xcdatamodel */ = {isa = PBXFileReference; lastKnownFileType = wrapper.xcdatamodel; path = Model.xcdatamodel; sourceTree = "<group>"; };
		207AB27416AF186E007F10E6 /* FlickrFetcher.h */ = {isa = PBXFileReference; fileEncoding = 4; lastKnownFileType = sourcecode.c.h; path = FlickrFetcher.h; sourceTree = "<group>"; };
		207AB27516AF186E007F10E6 /* FlickrFetcher.m */ = {isa = PBXFileReference; fileEncoding = 4; lastKnownFileType = sourcecode.c.objc; path = FlickrFetcher.m; sourceTree = "<group>"; };
		207AB27716AF1AE6007F10E6 /* CoreDataTableViewController.h */ = {isa = PBXFileReference; fileEncoding = 4; lastKnownFileType = sourcecode.c.h; path = CoreDataTableViewController.h; sourceTree = "<group>"; };
		207AB27816AF1AE6007F10E6 /* CoreDataTableViewController.m */ = {isa = PBXFileReference; fileEncoding = 4; lastKnownFileType = sourcecode.c.objc; path = CoreDataTableViewController.m; sourceTree = "<group>"; };
		207E66CD16B289AD004AB4DD /* TagSearchViewController.h */ = {isa = PBXFileReference; fileEncoding = 4; lastKnownFileType = sourcecode.c.h; path = TagSearchViewController.h; sourceTree = "<group>"; };
		207E66CE16B289AD004AB4DD /* TagSearchViewController.m */ = {isa = PBXFileReference; fileEncoding = 4; lastKnownFileType = sourcecode.c.objc; path = TagSearchViewController.m; sourceTree = "<group>"; };
		207E66D016B28DAD004AB4DD /* FavPlacesViewController.h */ = {isa = PBXFileReference; fileEncoding = 4; lastKnownFileType = sourcecode.c.h; path = FavPlacesViewController.h; sourceTree = "<group>"; };
		207E66D116B28DAD004AB4DD /* FavPlacesViewController.m */ = {isa = PBXFileReference; fileEncoding = 4; lastKnownFileType = sourcecode.c.objc; path = FavPlacesViewController.m; sourceTree = "<group>"; };
		207E66DB16B2BA87004AB4DD /* TagPictureViewController.h */ = {isa = PBXFileReference; fileEncoding = 4; lastKnownFileType = sourcecode.c.h; path = TagPictureViewController.h; sourceTree = "<group>"; };
		207E66DC16B2BA87004AB4DD /* TagPictureViewController.m */ = {isa = PBXFileReference; fileEncoding = 4; lastKnownFileType = sourcecode.c.objc; path = TagPictureViewController.m; sourceTree = "<group>"; };
		2083B98D16B45621002A6643 /* HelperClass.h */ = {isa = PBXFileReference; fileEncoding = 4; lastKnownFileType = sourcecode.c.h; path = HelperClass.h; sourceTree = "<group>"; };
		2083B98E16B45621002A6643 /* HelperClass.m */ = {isa = PBXFileReference; fileEncoding = 4; lastKnownFileType = sourcecode.c.objc; path = HelperClass.m; sourceTree = "<group>"; };
		208512C616AC371B009D8219 /* MapViewController.h */ = {isa = PBXFileReference; fileEncoding = 4; lastKnownFileType = sourcecode.c.h; path = MapViewController.h; sourceTree = "<group>"; };
		208512C716AC371B009D8219 /* MapViewController.m */ = {isa = PBXFileReference; fileEncoding = 4; lastKnownFileType = sourcecode.c.objc; path = MapViewController.m; sourceTree = "<group>"; };
		208512CA16AC37A8009D8219 /* MapKit.framework */ = {isa = PBXFileReference; lastKnownFileType = wrapper.framework; name = MapKit.framework; path = System/Library/Frameworks/MapKit.framework; sourceTree = SDKROOT; };
		208512CC16AC37B2009D8219 /* CoreLocation.framework */ = {isa = PBXFileReference; lastKnownFileType = wrapper.framework; name = CoreLocation.framework; path = System/Library/Frameworks/CoreLocation.framework; sourceTree = SDKROOT; };
		208512CE16AC3BD1009D8219 /* FlickrPhotoAnnotation.h */ = {isa = PBXFileReference; fileEncoding = 4; lastKnownFileType = sourcecode.c.h; path = FlickrPhotoAnnotation.h; sourceTree = "<group>"; };
		208512CF16AC3BD1009D8219 /* FlickrPhotoAnnotation.m */ = {isa = PBXFileReference; fileEncoding = 4; lastKnownFileType = sourcecode.c.objc; path = FlickrPhotoAnnotation.m; sourceTree = "<group>"; };
		208512D116AC5A45009D8219 /* FlickrCityAnnotation.h */ = {isa = PBXFileReference; fileEncoding = 4; lastKnownFileType = sourcecode.c.h; path = FlickrCityAnnotation.h; sourceTree = "<group>"; };
		208512D216AC5A45009D8219 /* FlickrCityAnnotation.m */ = {isa = PBXFileReference; fileEncoding = 4; lastKnownFileType = sourcecode.c.objc; path = FlickrCityAnnotation.m; sourceTree = "<group>"; };
		20AF133216B1576B001DF36A /* FavoritesViewController.h */ = {isa = PBXFileReference; fileEncoding = 4; lastKnownFileType = sourcecode.c.h; path = FavoritesViewController.h; sourceTree = "<group>"; };
		20AF133316B1576B001DF36A /* FavoritesViewController.m */ = {isa = PBXFileReference; fileEncoding = 4; lastKnownFileType = sourcecode.c.objc; path = FavoritesViewController.m; sourceTree = "<group>"; };
		20AF133A16B18B32001DF36A /* CoreData.framework */ = {isa = PBXFileReference; lastKnownFileType = wrapper.framework; name = CoreData.framework; path = System/Library/Frameworks/CoreData.framework; sourceTree = SDKROOT; };
		20AF134516B19F7E001DF36A /* QuartzCore.framework */ = {isa = PBXFileReference; lastKnownFileType = wrapper.framework; name = QuartzCore.framework; path = System/Library/Frameworks/QuartzCore.framework; sourceTree = SDKROOT; };
		20AF134716B1CB03001DF36A /* StaticTableViewController.h */ = {isa = PBXFileReference; fileEncoding = 4; lastKnownFileType = sourcecode.c.h; path = StaticTableViewController.h; sourceTree = "<group>"; };
		20AF134816B1CB03001DF36A /* StaticTableViewController.m */ = {isa = PBXFileReference; fileEncoding = 4; lastKnownFileType = sourcecode.c.objc; path = StaticTableViewController.m; sourceTree = "<group>"; };
		20AF134A16B1E38A001DF36A /* ItineraryViewController.h */ = {isa = PBXFileReference; fileEncoding = 4; lastKnownFileType = sourcecode.c.h; path = ItineraryViewController.h; sourceTree = "<group>"; };
		20AF134B16B1E38A001DF36A /* ItineraryViewController.m */ = {isa = PBXFileReference; fileEncoding = 4; lastKnownFileType = sourcecode.c.objc; path = ItineraryViewController.m; sourceTree = "<group>"; };
		20AF135316B1ECCC001DF36A /* favorites.png */ = {isa = PBXFileReference; lastKnownFileType = image.png; path = favorites.png; sourceTree = "<group>"; };
		20B3657B16A82C2B00EA447A /* FlickerApp.app */ = {isa = PBXFileReference; explicitFileType = wrapper.application; includeInIndex = 0; path = FlickerApp.app; sourceTree = BUILT_PRODUCTS_DIR; };
		20B3657F16A82C2B00EA447A /* UIKit.framework */ = {isa = PBXFileReference; lastKnownFileType = wrapper.framework; name = UIKit.framework; path = System/Library/Frameworks/UIKit.framework; sourceTree = SDKROOT; };
		20B3658116A82C2B00EA447A /* Foundation.framework */ = {isa = PBXFileReference; lastKnownFileType = wrapper.framework; name = Foundation.framework; path = System/Library/Frameworks/Foundation.framework; sourceTree = SDKROOT; };
		20B3658316A82C2B00EA447A /* CoreGraphics.framework */ = {isa = PBXFileReference; lastKnownFileType = wrapper.framework; name = CoreGraphics.framework; path = System/Library/Frameworks/CoreGraphics.framework; sourceTree = SDKROOT; };
		20B3658716A82C2B00EA447A /* FlickerApp-Info.plist */ = {isa = PBXFileReference; lastKnownFileType = text.plist.xml; path = "FlickerApp-Info.plist"; sourceTree = "<group>"; };
		20B3658916A82C2B00EA447A /* en */ = {isa = PBXFileReference; lastKnownFileType = text.plist.strings; name = en; path = en.lproj/InfoPlist.strings; sourceTree = "<group>"; };
		20B3658B16A82C2B00EA447A /* main.m */ = {isa = PBXFileReference; lastKnownFileType = sourcecode.c.objc; path = main.m; sourceTree = "<group>"; };
		20B3658D16A82C2B00EA447A /* FlickerApp-Prefix.pch */ = {isa = PBXFileReference; lastKnownFileType = sourcecode.c.h; path = "FlickerApp-Prefix.pch"; sourceTree = "<group>"; };
		20B3658E16A82C2B00EA447A /* AppDelegate.h */ = {isa = PBXFileReference; lastKnownFileType = sourcecode.c.h; path = AppDelegate.h; sourceTree = "<group>"; };
		20B3658F16A82C2B00EA447A /* AppDelegate.m */ = {isa = PBXFileReference; lastKnownFileType = sourcecode.c.objc; path = AppDelegate.m; sourceTree = "<group>"; };
		20B3659116A82C2B00EA447A /* Default.png */ = {isa = PBXFileReference; lastKnownFileType = image.png; path = Default.png; sourceTree = "<group>"; };
		20B3659316A82C2B00EA447A /* Default@2x.png */ = {isa = PBXFileReference; lastKnownFileType = image.png; path = "Default@2x.png"; sourceTree = "<group>"; };
		20B3659516A82C2B00EA447A /* Default-568h@2x.png */ = {isa = PBXFileReference; lastKnownFileType = image.png; path = "Default-568h@2x.png"; sourceTree = "<group>"; };
		20B3659816A82C2B00EA447A /* en */ = {isa = PBXFileReference; lastKnownFileType = file.storyboard; name = en; path = en.lproj/iPhone.storyboard; sourceTree = "<group>"; };
		20B365A216A82CFB00EA447A /* FlickrAPIKey.h */ = {isa = PBXFileReference; fileEncoding = 4; lastKnownFileType = sourcecode.c.h; path = FlickrAPIKey.h; sourceTree = "<group>"; };
		20B365A616A82FFF00EA447A /* TopPlacesViewController.h */ = {isa = PBXFileReference; fileEncoding = 4; lastKnownFileType = sourcecode.c.h; path = TopPlacesViewController.h; sourceTree = "<group>"; };
		20B365A716A82FFF00EA447A /* TopPlacesViewController.m */ = {isa = PBXFileReference; fileEncoding = 4; lastKnownFileType = sourcecode.c.objc; path = TopPlacesViewController.m; sourceTree = "<group>"; };
		20B365A916A83DF300EA447A /* PhotosForPlaceViewController.h */ = {isa = PBXFileReference; fileEncoding = 4; lastKnownFileType = sourcecode.c.h; path = PhotosForPlaceViewController.h; sourceTree = "<group>"; };
		20B365AA16A83DF300EA447A /* PhotosForPlaceViewController.m */ = {isa = PBXFileReference; fileEncoding = 4; lastKnownFileType = sourcecode.c.objc; path = PhotosForPlaceViewController.m; sourceTree = "<group>"; };
		20B365B016A853A000EA447A /* PhotoDetailViewController.h */ = {isa = PBXFileReference; fileEncoding = 4; lastKnownFileType = sourcecode.c.h; name = PhotoDetailViewController.h; path = ../PhotoDetailViewController.h; sourceTree = "<group>"; };
		20B365B116A853A000EA447A /* PhotoDetailViewController.m */ = {isa = PBXFileReference; fileEncoding = 4; lastKnownFileType = sourcecode.c.objc; name = PhotoDetailViewController.m; path = ../PhotoDetailViewController.m; sourceTree = "<group>"; };
		20B365BB16A86CC600EA447A /* LastImagesViewController.h */ = {isa = PBXFileReference; fileEncoding = 4; lastKnownFileType = sourcecode.c.h; path = LastImagesViewController.h; sourceTree = "<group>"; };
		20B365BC16A86CC600EA447A /* LastImagesViewController.m */ = {isa = PBXFileReference; fileEncoding = 4; lastKnownFileType = sourcecode.c.objc; path = LastImagesViewController.m; sourceTree = "<group>"; };
		20B365BE16A87A5300EA447A /* iPad.storyboard */ = {isa = PBXFileReference; fileEncoding = 4; lastKnownFileType = file.storyboard; path = iPad.storyboard; sourceTree = "<group>"; };
		20B365D216A894D000EA447A /* photo_album.png */ = {isa = PBXFileReference; lastKnownFileType = image.png; path = photo_album.png; sourceTree = "<group>"; };
		20B365D316A894D000EA447A /* world.png */ = {isa = PBXFileReference; lastKnownFileType = image.png; path = world.png; sourceTree = "<group>"; };
		20B6F74616AB10D300B6CD4E /* SplitViewBarButtonItemPresenter.h */ = {isa = PBXFileReference; fileEncoding = 4; lastKnownFileType = sourcecode.c.h; path = SplitViewBarButtonItemPresenter.h; sourceTree = "<group>"; };
/* End PBXFileReference section */

/* Begin PBXFrameworksBuildPhase section */
		20B3657816A82C2B00EA447A /* Frameworks */ = {
			isa = PBXFrameworksBuildPhase;
			buildActionMask = 2147483647;
			files = (
				20AF134616B19F7E001DF36A /* QuartzCore.framework in Frameworks */,
				20AF133B16B18B32001DF36A /* CoreData.framework in Frameworks */,
				208512CD16AC37B2009D8219 /* CoreLocation.framework in Frameworks */,
				208512CB16AC37A8009D8219 /* MapKit.framework in Frameworks */,
				20B3658016A82C2B00EA447A /* UIKit.framework in Frameworks */,
				20B3658216A82C2B00EA447A /* Foundation.framework in Frameworks */,
				20B3658416A82C2B00EA447A /* CoreGraphics.framework in Frameworks */,
			);
			runOnlyForDeploymentPostprocessing = 0;
		};
/* End PBXFrameworksBuildPhase section */

/* Begin PBXGroup section */
		20B3657016A82C2B00EA447A = {
			isa = PBXGroup;
			children = (
				20B3658516A82C2B00EA447A /* FlickerApp */,
				20B3657E16A82C2B00EA447A /* Frameworks */,
				20B3657C16A82C2B00EA447A /* Products */,
			);
			sourceTree = "<group>";
		};
		20B3657C16A82C2B00EA447A /* Products */ = {
			isa = PBXGroup;
			children = (
				20B3657B16A82C2B00EA447A /* FlickerApp.app */,
			);
			name = Products;
			sourceTree = "<group>";
		};
		20B3657E16A82C2B00EA447A /* Frameworks */ = {
			isa = PBXGroup;
			children = (
				20AF134516B19F7E001DF36A /* QuartzCore.framework */,
				20AF133A16B18B32001DF36A /* CoreData.framework */,
				208512CC16AC37B2009D8219 /* CoreLocation.framework */,
				208512CA16AC37A8009D8219 /* MapKit.framework */,
				20B3657F16A82C2B00EA447A /* UIKit.framework */,
				20B3658116A82C2B00EA447A /* Foundation.framework */,
				20B3658316A82C2B00EA447A /* CoreGraphics.framework */,
			);
			name = Frameworks;
			sourceTree = "<group>";
		};
		20B3658516A82C2B00EA447A /* FlickerApp */ = {
			isa = PBXGroup;
			children = (
				20B3658E16A82C2B00EA447A /* AppDelegate.h */,
				20B3658F16A82C2B00EA447A /* AppDelegate.m */,
				20B3659716A82C2B00EA447A /* iPhone.storyboard */,
				20B365BE16A87A5300EA447A /* iPad.storyboard */,
				20B3658616A82C2B00EA447A /* Supporting Files */,
				20B365A616A82FFF00EA447A /* TopPlacesViewController.h */,
				20B365A716A82FFF00EA447A /* TopPlacesViewController.m */,
				20B365A916A83DF300EA447A /* PhotosForPlaceViewController.h */,
				20B365AA16A83DF300EA447A /* PhotosForPlaceViewController.m */,
				20B365BB16A86CC600EA447A /* LastImagesViewController.h */,
				20B365BC16A86CC600EA447A /* LastImagesViewController.m */,
				20B365B016A853A000EA447A /* PhotoDetailViewController.h */,
				20B365B116A853A000EA447A /* PhotoDetailViewController.m */,
				208512C616AC371B009D8219 /* MapViewController.h */,
				208512C716AC371B009D8219 /* MapViewController.m */,
				20AF133216B1576B001DF36A /* FavoritesViewController.h */,
				20AF133316B1576B001DF36A /* FavoritesViewController.m */,
			);
			path = FlickerApp;
			sourceTree = "<group>";
		};
		20B3658616A82C2B00EA447A /* Supporting Files */ = {
			isa = PBXGroup;
			children = (
				208512CE16AC3BD1009D8219 /* FlickrPhotoAnnotation.h */,
				208512CF16AC3BD1009D8219 /* FlickrPhotoAnnotation.m */,
				208512D116AC5A45009D8219 /* FlickrCityAnnotation.h */,
				208512D216AC5A45009D8219 /* FlickrCityAnnotation.m */,
				20B6F74616AB10D300B6CD4E /* SplitViewBarButtonItemPresenter.h */,
				20B365D216A894D000EA447A /* photo_album.png */,
				20B365D316A894D000EA447A /* world.png */,
				20AF135316B1ECCC001DF36A /* favorites.png */,
				20B365A216A82CFB00EA447A /* FlickrAPIKey.h */,
				207AB27416AF186E007F10E6 /* FlickrFetcher.h */,
				207AB27516AF186E007F10E6 /* FlickrFetcher.m */,
				20B3658716A82C2B00EA447A /* FlickerApp-Info.plist */,
				20B3658816A82C2B00EA447A /* InfoPlist.strings */,
				20B3658B16A82C2B00EA447A /* main.m */,
				20B3658D16A82C2B00EA447A /* FlickerApp-Prefix.pch */,
				20B3659116A82C2B00EA447A /* Default.png */,
				20B3659316A82C2B00EA447A /* Default@2x.png */,
				20B3659516A82C2B00EA447A /* Default-568h@2x.png */,
				207AB26A16AF127B007F10E6 /* Model.xcdatamodeld */,
				2007D66816B5BE9400DE722F /* Tag.h */,
				2007D66916B5BE9400DE722F /* Tag.m */,
				2007D66516B5BE9400DE722F /* Place.h */,
				2007D66616B5BE9400DE722F /* Place.m */,
				2007D66216B5BE9400DE722F /* Photo.h */,
				2007D66316B5BE9400DE722F /* Photo.m */,
				207AB27716AF1AE6007F10E6 /* CoreDataTableViewController.h */,
				207AB27816AF1AE6007F10E6 /* CoreDataTableViewController.m */,
				20AF134716B1CB03001DF36A /* StaticTableViewController.h */,
				20AF134816B1CB03001DF36A /* StaticTableViewController.m */,
				20AF134A16B1E38A001DF36A /* ItineraryViewController.h */,
				20AF134B16B1E38A001DF36A /* ItineraryViewController.m */,
				207E66CD16B289AD004AB4DD /* TagSearchViewController.h */,
				207E66CE16B289AD004AB4DD /* TagSearchViewController.m */,
				207E66D016B28DAD004AB4DD /* FavPlacesViewController.h */,
				207E66D116B28DAD004AB4DD /* FavPlacesViewController.m */,
				207E66DB16B2BA87004AB4DD /* TagPictureViewController.h */,
				207E66DC16B2BA87004AB4DD /* TagPictureViewController.m */,
				2083B98D16B45621002A6643 /* HelperClass.h */,
				2083B98E16B45621002A6643 /* HelperClass.m */,
			);
			name = "Supporting Files";
			sourceTree = "<group>";
		};
/* End PBXGroup section */

/* Begin PBXNativeTarget section */
		20B3657A16A82C2B00EA447A /* FlickerApp */ = {
			isa = PBXNativeTarget;
			buildConfigurationList = 20B3659F16A82C2B00EA447A /* Build configuration list for PBXNativeTarget "FlickerApp" */;
			buildPhases = (
				20B3657716A82C2B00EA447A /* Sources */,
				20B3657816A82C2B00EA447A /* Frameworks */,
				20B3657916A82C2B00EA447A /* Resources */,
			);
			buildRules = (
			);
			dependencies = (
			);
			name = FlickerApp;
			productName = FlickerApp;
			productReference = 20B3657B16A82C2B00EA447A /* FlickerApp.app */;
			productType = "com.apple.product-type.application";
		};
/* End PBXNativeTarget section */

/* Begin PBXProject section */
		20B3657216A82C2B00EA447A /* Project object */ = {
			isa = PBXProject;
			attributes = {
				LastUpgradeCheck = 0450;
				ORGANIZATIONNAME = Rincewind;
			};
			buildConfigurationList = 20B3657516A82C2B00EA447A /* Build configuration list for PBXProject "FlickerApp" */;
			compatibilityVersion = "Xcode 3.2";
			developmentRegion = English;
			hasScannedForEncodings = 0;
			knownRegions = (
				en,
			);
			mainGroup = 20B3657016A82C2B00EA447A;
			productRefGroup = 20B3657C16A82C2B00EA447A /* Products */;
			projectDirPath = "";
			projectRoot = "";
			targets = (
				20B3657A16A82C2B00EA447A /* FlickerApp */,
			);
		};
/* End PBXProject section */

/* Begin PBXResourcesBuildPhase section */
		20B3657916A82C2B00EA447A /* Resources */ = {
			isa = PBXResourcesBuildPhase;
			buildActionMask = 2147483647;
			files = (
				20B3658A16A82C2B00EA447A /* InfoPlist.strings in Resources */,
				20B3659216A82C2B00EA447A /* Default.png in Resources */,
				20B3659416A82C2B00EA447A /* Default@2x.png in Resources */,
				20B3659616A82C2B00EA447A /* Default-568h@2x.png in Resources */,
				20B3659916A82C2B00EA447A /* iPhone.storyboard in Resources */,
				20B365BF16A87A5300EA447A /* iPad.storyboard in Resources */,
				20B365D416A894D000EA447A /* photo_album.png in Resources */,
				20B365D516A894D000EA447A /* world.png in Resources */,
				20AF135416B1ECCC001DF36A /* favorites.png in Resources */,
			);
			runOnlyForDeploymentPostprocessing = 0;
		};
/* End PBXResourcesBuildPhase section */

/* Begin PBXSourcesBuildPhase section */
		20B3657716A82C2B00EA447A /* Sources */ = {
			isa = PBXSourcesBuildPhase;
			buildActionMask = 2147483647;
			files = (
				20B3658C16A82C2B00EA447A /* main.m in Sources */,
				20B3659016A82C2B00EA447A /* AppDelegate.m in Sources */,
				20B365A816A82FFF00EA447A /* TopPlacesViewController.m in Sources */,
				20B365AB16A83DF300EA447A /* PhotosForPlaceViewController.m in Sources */,
				20B365B216A853A000EA447A /* PhotoDetailViewController.m in Sources */,
				20B365BD16A86CC600EA447A /* LastImagesViewController.m in Sources */,
				208512C816AC371B009D8219 /* MapViewController.m in Sources */,
				208512D016AC3BD1009D8219 /* FlickrPhotoAnnotation.m in Sources */,
				208512D316AC5A45009D8219 /* FlickrCityAnnotation.m in Sources */,
				207AB26C16AF127B007F10E6 /* Model.xcdatamodeld in Sources */,
				207AB27616AF186F007F10E6 /* FlickrFetcher.m in Sources */,
				207AB27916AF1AE6007F10E6 /* CoreDataTableViewController.m in Sources */,
				20AF133416B1576B001DF36A /* FavoritesViewController.m in Sources */,
				20AF134916B1CB03001DF36A /* StaticTableViewController.m in Sources */,
				20AF134C16B1E38A001DF36A /* ItineraryViewController.m in Sources */,
				207E66CF16B289AD004AB4DD /* TagSearchViewController.m in Sources */,
				207E66D216B28DAD004AB4DD /* FavPlacesViewController.m in Sources */,
				207E66DD16B2BA87004AB4DD /* TagPictureViewController.m in Sources */,
				2083B98F16B45621002A6643 /* HelperClass.m in Sources */,
				2007D66416B5BE9400DE722F /* Photo.m in Sources */,
				2007D66716B5BE9400DE722F /* Place.m in Sources */,
				2007D66A16B5BE9500DE722F /* Tag.m in Sources */,
			);
			runOnlyForDeploymentPostprocessing = 0;
		};
/* End PBXSourcesBuildPhase section */

/* Begin PBXVariantGroup section */
		20B3658816A82C2B00EA447A /* InfoPlist.strings */ = {
			isa = PBXVariantGroup;
			children = (
				20B3658916A82C2B00EA447A /* en */,
			);
			name = InfoPlist.strings;
			sourceTree = "<group>";
		};
		20B3659716A82C2B00EA447A /* iPhone.storyboard */ = {
			isa = PBXVariantGroup;
			children = (
				20B3659816A82C2B00EA447A /* en */,
			);
			name = iPhone.storyboard;
			sourceTree = "<group>";
		};
/* End PBXVariantGroup section */

/* Begin XCBuildConfiguration section */
		20B3659D16A82C2B00EA447A /* Debug */ = {
			isa = XCBuildConfiguration;
			buildSettings = {
				ALWAYS_SEARCH_USER_PATHS = NO;
				CLANG_CXX_LANGUAGE_STANDARD = "gnu++0x";
				CLANG_CXX_LIBRARY = "libc++";
				CLANG_ENABLE_OBJC_ARC = YES;
				CLANG_WARN_EMPTY_BODY = YES;
				CLANG_WARN__DUPLICATE_METHOD_MATCH = YES;
				"CODE_SIGN_IDENTITY[sdk=iphoneos*]" = "iPhone Developer";
				COPY_PHASE_STRIP = NO;
				GCC_C_LANGUAGE_STANDARD = gnu99;
				GCC_DYNAMIC_NO_PIC = NO;
				GCC_OPTIMIZATION_LEVEL = 0;
				GCC_PREPROCESSOR_DEFINITIONS = (
					"DEBUG=1",
					"$(inherited)",
				);
				GCC_SYMBOLS_PRIVATE_EXTERN = NO;
				GCC_WARN_ABOUT_RETURN_TYPE = YES;
				GCC_WARN_UNINITIALIZED_AUTOS = YES;
				GCC_WARN_UNUSED_VARIABLE = YES;
				IPHONEOS_DEPLOYMENT_TARGET = 6.0;
				ONLY_ACTIVE_ARCH = YES;
				SDKROOT = iphoneos;
			};
			name = Debug;
		};
		20B3659E16A82C2B00EA447A /* Release */ = {
			isa = XCBuildConfiguration;
			buildSettings = {
				ALWAYS_SEARCH_USER_PATHS = NO;
				CLANG_CXX_LANGUAGE_STANDARD = "gnu++0x";
				CLANG_CXX_LIBRARY = "libc++";
				CLANG_ENABLE_OBJC_ARC = YES;
				CLANG_WARN_EMPTY_BODY = YES;
				CLANG_WARN__DUPLICATE_METHOD_MATCH = YES;
				"CODE_SIGN_IDENTITY[sdk=iphoneos*]" = "iPhone Developer";
				COPY_PHASE_STRIP = YES;
				GCC_C_LANGUAGE_STANDARD = gnu99;
				GCC_WARN_ABOUT_RETURN_TYPE = YES;
				GCC_WARN_UNINITIALIZED_AUTOS = YES;
				GCC_WARN_UNUSED_VARIABLE = YES;
				IPHONEOS_DEPLOYMENT_TARGET = 6.0;
				OTHER_CFLAGS = "-DNS_BLOCK_ASSERTIONS=1";
				SDKROOT = iphoneos;
				VALIDATE_PRODUCT = YES;
			};
			name = Release;
		};
		20B365A016A82C2B00EA447A /* Debug */ = {
			isa = XCBuildConfiguration;
			buildSettings = {
				GCC_PRECOMPILE_PREFIX_HEADER = YES;
				GCC_PREFIX_HEADER = "FlickerApp/FlickerApp-Prefix.pch";
				INFOPLIST_FILE = "FlickerApp/FlickerApp-Info.plist";
				IPHONEOS_DEPLOYMENT_TARGET = 6.0;
				PRODUCT_NAME = "$(TARGET_NAME)";
				TARGETED_DEVICE_FAMILY = "1,2";
				WRAPPER_EXTENSION = app;
			};
			name = Debug;
		};
		20B365A116A82C2B00EA447A /* Release */ = {
			isa = XCBuildConfiguration;
			buildSettings = {
				GCC_PRECOMPILE_PREFIX_HEADER = YES;
				GCC_PREFIX_HEADER = "FlickerApp/FlickerApp-Prefix.pch";
				INFOPLIST_FILE = "FlickerApp/FlickerApp-Info.plist";
				IPHONEOS_DEPLOYMENT_TARGET = 6.0;
				PRODUCT_NAME = "$(TARGET_NAME)";
				TARGETED_DEVICE_FAMILY = "1,2";
				WRAPPER_EXTENSION = app;
			};
			name = Release;
		};
/* End XCBuildConfiguration section */

/* Begin XCConfigurationList section */
		20B3657516A82C2B00EA447A /* Build configuration list for PBXProject "FlickerApp" */ = {
			isa = XCConfigurationList;
			buildConfigurations = (
				20B3659D16A82C2B00EA447A /* Debug */,
				20B3659E16A82C2B00EA447A /* Release */,
			);
			defaultConfigurationIsVisible = 0;
			defaultConfigurationName = Release;
		};
		20B3659F16A82C2B00EA447A /* Build configuration list for PBXNativeTarget "FlickerApp" */ = {
			isa = XCConfigurationList;
			buildConfigurations = (
				20B365A016A82C2B00EA447A /* Debug */,
				20B365A116A82C2B00EA447A /* Release */,
			);
			defaultConfigurationIsVisible = 0;
			defaultConfigurationName = Release;
		};
/* End XCConfigurationList section */

/* Begin XCVersionGroup section */
		207AB26A16AF127B007F10E6 /* Model.xcdatamodeld */ = {
			isa = XCVersionGroup;
			children = (
				207AB26B16AF127B007F10E6 /* Model.xcdatamodel */,
			);
			currentVersion = 207AB26B16AF127B007F10E6 /* Model.xcdatamodel */;
			path = Model.xcdatamodeld;
			sourceTree = "<group>";
			versionGroupType = wrapper.xcdatamodel;
		};
/* End XCVersionGroup section */
	};
	rootObject = 20B3657216A82C2B00EA447A /* Project object */;
}
